
Microsoft Visual Studio Solution File, Format Version 12.00
# Visual Studio Version 17
VisualStudioVersion = 17.7.34018.315
MinimumVisualStudioVersion = 10.0.40219.1
Project("{FAE04EC0-301F-11D3-BF4B-00C04F79EFBC}") = "TodoApp", "TodoApp\TodoApp.csproj", "{5BA1DB44-F5EA-4BBE-A7D6-1C7D75D20E8F}"
EndProject
Project("{2150E333-8FDC-42A3-9474-1A3956D46DE8}") = "Documentation", "Documentation", "{96EBCF07-91BC-4BF6-BF65-C331E8E1032C}"
	ProjectSection(SolutionItems) = preProject
		README.md = README.md
	EndProjectSection
EndProject
Global
	GlobalSection(SolutionConfigurationPlatforms) = preSolution
		Debug|Any CPU = Debug|Any CPU
		Release|Any CPU = Release|Any CPU
	EndGlobalSection
	GlobalSection(ProjectConfigurationPlatforms) = postSolution
		{5BA1DB44-F5EA-4BBE-A7D6-1C7D75D20E8F}.Debug|Any CPU.ActiveCfg = Debug|Any CPU
		{5BA1DB44-F5EA-4BBE-A7D6-1C7D75D20E8F}.Debug|Any CPU.Build.0 = Debug|Any CPU
		{5BA1DB44-F5EA-4BBE-A7D6-1C7D75D20E8F}.Debug|Any CPU.Deploy.0 = Debug|Any CPU
		{5BA1DB44-F5EA-4BBE-A7D6-1C7D75D20E8F}.Release|Any CPU.ActiveCfg = Release|Any CPU
		{5BA1DB44-F5EA-4BBE-A7D6-1C7D75D20E8F}.Release|Any CPU.Build.0 = Release|Any CPU
		{5BA1DB44-F5EA-4BBE-A7D6-1C7D75D20E8F}.Release|Any CPU.Deploy.0 = Release|Any CPU
	EndGlobalSection
	GlobalSection(SolutionProperties) = preSolution
		HideSolutionNode = FALSE
	EndGlobalSection
	GlobalSection(ExtensibilityGlobals) = postSolution
		SolutionGuid = {10F44367-B9AF-4507-A611-F0F6985AFCCD}
	EndGlobalSection
EndGlobal
